{
  "name": "@bota.dev/web-sdk",
  "version": "1.2.0-beta.7",
  "lockfileVersion": 3,
  "requires": true,
  "packages": {
    "": {
      "name": "@bota.dev/web-sdk",
      "version": "1.2.0-beta.7",
      "license": "MIT",
      "devDependencies": {
        "@types/node": "22.20.3",
        "@types/web-bluetooth": "0.0.21",
        "fake-indexeddb": "6.2.5",
        "typescript": "6.0.3"
      },
      "engines": {
        "node": ">=22"
      }
    },
    "node_modules/@types/node": {
      "version": "22.20.3",
      "resolved": "https://registry.npmjs.org/@types/node/-/node-22.20.3.tgz",
      "integrity": "sha512-DZmzkmwHzXrLPAXPyKNDzlIwMMUZCVacoD25ywdy5YTKGbOx/2ld+Q38Im2zJ0vBuZP5Prd3VZutKZyXwkOS8A==",
      "dev": true,
      "dependencies": {
        "undici-types": "~6.21.0"
      }
    },
    "node_modules/@types/web-bluetooth": {
      "version": "0.0.21",
      "resolved": "https://registry.npmjs.org/@types/web-bluetooth/-/web-bluetooth-0.0.21.tgz",
      "integrity": "sha512-oIQLCGWtcFZy2JW77j9k8nHzAOpqMHLQejDA48XXMWH6tjCQHz5RCFz1bzsmROyL6PUm+LLnUiI4BCn221inxA==",
      "dev": true
    },
    "node_modules/fake-indexeddb": {
      "version": "6.2.5",
      "resolved": "https://registry.npmjs.org/fake-indexeddb/-/fake-indexeddb-6.2.5.tgz",
      "integrity": "sha512-CGnyrvbhPlWYMngksqrSSUT1BAVP49dZocrHuK0SvtR0D5TMs5wP0o3j7jexDJW01KSadjBp1M/71o/KR3nD1w==",
      "dev": true,
      "license": "Apache-2.0",
      "engines": {
        "node": ">=18"
      }
    },
    "node_modules/typescript": {
      "version": "6.0.3",
      "resolved": "https://registry.npmjs.org/typescript/-/typescript-6.0.3.tgz",
      "integrity": "sha512-y2TvuxSZPDyQakkFRPZHKFm+KKVqIisdg9/CZwm9ftvKXLP8NRWj38/ODjNbr43SsoXqNuAisEf1GdCxqWcdBw==",
      "dev": true,
      "bin": {
        "tsc": "bin/tsc",
        "tsserver": "bin/tsserver"
      },
      "engines": {
        "node": ">=14.17"
      }
    },
    "node_modules/undici-types": {
      "version": "6.21.0",
      "resolved": "https://registry.npmjs.org/undici-types/-/undici-types-6.21.0.tgz",
      "integrity": "sha512-iwDZqg0QAGrg9Rav5H4n0M64c3mkR59cJ6wQp+7C4nI0gsmExaedaYLNO44eT4AtBBwjbTiGPMlt2Md0T9H9JQ==",
      "dev": true
    }
  }
}
